
Microsoft Visual Studio Solution File, Format Version 12.00
# Visual Studio Version 17
VisualStudioVersion = 17.0.32014.148
MinimumVisualStudioVersion = 10.0.40219.1
Project("{FAE04EC0-301F-11D3-BF4B-00C04F79EFBC}") = "RECOMP", "RECOMP\RECOMP.csproj", "{53106629-4356-4BA6-9E5F-2846020A8F06}"
EndProject
Project("{8BC9CEB8-8B4A-11D0-8D11-00A0C91BC942}") = "RECompPlusPlus", "RECompPlusPlus\RECompPlusPlus.vcxproj", "{2A6C1B25-43BD-46DB-B704-8A8E58973315}"
EndProject
Project("{8BC9CEB8-8B4A-11D0-8D11-00A0C91BC942}") = "RECompCX", "RECompCX\RECompCX.vcxproj", "{7E2F733A-160A-435C-9E28-F981A01F3F49}"
EndProject
Project("{8BC9CEB8-8B4A-11D0-8D11-00A0C91BC942}") = "RECompWRL", "RECompWRL\RECompWRL.vcxproj", "{C0A84302-E09A-4F3F-8846-B864DB6A4B47}"
EndProject
Project("{9A19103F-16F7-4668-BE54-9A1E7A4F7556}") = "WUXIND", "WUXIND\WUXIND.csproj", "{8E368087-A394-470C-A558-0155C730F559}"
EndProject
Global
	GlobalSection(SolutionConfigurationPlatforms) = preSolution
		Debug|ARM = Debug|ARM
		Debug|ARM64 = Debug|ARM64
		Debug|x64 = Debug|x64
		Debug|x86 = Debug|x86
		Release|ARM = Release|ARM
		Release|ARM64 = Release|ARM64
		Release|x64 = Release|x64
		Release|x86 = Release|x86
	EndGlobalSection
	GlobalSection(ProjectConfigurationPlatforms) = postSolution
		{53106629-4356-4BA6-9E5F-2846020A8F06}.Debug|ARM.ActiveCfg = Debug|ARM
		{53106629-4356-4BA6-9E5F-2846020A8F06}.Debug|ARM.Build.0 = Debug|ARM
		{53106629-4356-4BA6-9E5F-2846020A8F06}.Debug|ARM.Deploy.0 = Debug|ARM
		{53106629-4356-4BA6-9E5F-2846020A8F06}.Debug|ARM64.ActiveCfg = Debug|ARM64
		{53106629-4356-4BA6-9E5F-2846020A8F06}.Debug|ARM64.Build.0 = Debug|ARM64
		{53106629-4356-4BA6-9E5F-2846020A8F06}.Debug|ARM64.Deploy.0 = Debug|ARM64
		{53106629-4356-4BA6-9E5F-2846020A8F06}.Debug|x64.ActiveCfg = Debug|x64
		{53106629-4356-4BA6-9E5F-2846020A8F06}.Debug|x64.Build.0 = Debug|x64
		{53106629-4356-4BA6-9E5F-2846020A8F06}.Debug|x64.Deploy.0 = Debug|x64
		{53106629-4356-4BA6-9E5F-2846020A8F06}.Debug|x86.ActiveCfg = Debug|x86
		{53106629-4356-4BA6-9E5F-2846020A8F06}.Debug|x86.Build.0 = Debug|x86
		{53106629-4356-4BA6-9E5F-2846020A8F06}.Debug|x86.Deploy.0 = Debug|x86
		{53106629-4356-4BA6-9E5F-2846020A8F06}.Release|ARM.ActiveCfg = Release|ARM
		{53106629-4356-4BA6-9E5F-2846020A8F06}.Release|ARM.Build.0 = Release|ARM
		{53106629-4356-4BA6-9E5F-2846020A8F06}.Release|ARM.Deploy.0 = Release|ARM
		{53106629-4356-4BA6-9E5F-2846020A8F06}.Release|ARM64.ActiveCfg = Release|ARM64
		{53106629-4356-4BA6-9E5F-2846020A8F06}.Release|ARM64.Build.0 = Release|ARM64
		{53106629-4356-4BA6-9E5F-2846020A8F06}.Release|ARM64.Deploy.0 = Release|ARM64
		{53106629-4356-4BA6-9E5F-2846020A8F06}.Release|x64.ActiveCfg = Release|x64
		{53106629-4356-4BA6-9E5F-2846020A8F06}.Release|x64.Build.0 = Release|x64
		{53106629-4356-4BA6-9E5F-2846020A8F06}.Release|x64.Deploy.0 = Release|x64
		{53106629-4356-4BA6-9E5F-2846020A8F06}.Release|x86.ActiveCfg = Release|x86
		{53106629-4356-4BA6-9E5F-2846020A8F06}.Release|x86.Build.0 = Release|x86
		{53106629-4356-4BA6-9E5F-2846020A8F06}.Release|x86.Deploy.0 = Release|x86
		{2A6C1B25-43BD-46DB-B704-8A8E58973315}.Debug|ARM.ActiveCfg = Debug|ARM
		{2A6C1B25-43BD-46DB-B704-8A8E58973315}.Debug|ARM.Build.0 = Debug|ARM
		{2A6C1B25-43BD-46DB-B704-8A8E58973315}.Debug|ARM.Deploy.0 = Debug|ARM
		{2A6C1B25-43BD-46DB-B704-8A8E58973315}.Debug|ARM64.ActiveCfg = Debug|ARM64
		{2A6C1B25-43BD-46DB-B704-8A8E58973315}.Debug|ARM64.Build.0 = Debug|ARM64
		{2A6C1B25-43BD-46DB-B704-8A8E58973315}.Debug|ARM64.Deploy.0 = Debug|ARM64
		{2A6C1B25-43BD-46DB-B704-8A8E58973315}.Debug|x64.ActiveCfg = Debug|x64
		{2A6C1B25-43BD-46DB-B704-8A8E58973315}.Debug|x64.Build.0 = Debug|x64
		{2A6C1B25-43BD-46DB-B704-8A8E58973315}.Debug|x64.Deploy.0 = Debug|x64
		{2A6C1B25-43BD-46DB-B704-8A8E58973315}.Debug|x86.ActiveCfg = Debug|Win32
		{2A6C1B25-43BD-46DB-B704-8A8E58973315}.Debug|x86.Build.0 = Debug|Win32
		{2A6C1B25-43BD-46DB-B704-8A8E58973315}.Debug|x86.Deploy.0 = Debug|Win32
		{2A6C1B25-43BD-46DB-B704-8A8E58973315}.Release|ARM.ActiveCfg = Release|ARM
		{2A6C1B25-43BD-46DB-B704-8A8E58973315}.Release|ARM.Build.0 = Release|ARM
		{2A6C1B25-43BD-46DB-B704-8A8E58973315}.Release|ARM.Deploy.0 = Release|ARM
		{2A6C1B25-43BD-46DB-B704-8A8E58973315}.Release|ARM64.ActiveCfg = Release|ARM64
		{2A6C1B25-43BD-46DB-B704-8A8E58973315}.Release|ARM64.Build.0 = Release|ARM64
		{2A6C1B25-43BD-46DB-B704-8A8E58973315}.Release|ARM64.Deploy.0 = Release|ARM64
		{2A6C1B25-43BD-46DB-B704-8A8E58973315}.Release|x64.ActiveCfg = Release|x64
		{2A6C1B25-43BD-46DB-B704-8A8E58973315}.Release|x64.Build.0 = Release|x64
		{2A6C1B25-43BD-46DB-B704-8A8E58973315}.Release|x64.Deploy.0 = Release|x64
		{2A6C1B25-43BD-46DB-B704-8A8E58973315}.Release|x86.ActiveCfg = Release|Win32
		{2A6C1B25-43BD-46DB-B704-8A8E58973315}.Release|x86.Build.0 = Release|Win32
		{2A6C1B25-43BD-46DB-B704-8A8E58973315}.Release|x86.Deploy.0 = Release|Win32
		{7E2F733A-160A-435C-9E28-F981A01F3F49}.Debug|ARM.ActiveCfg = Debug|ARM
		{7E2F733A-160A-435C-9E28-F981A01F3F49}.Debug|ARM.Build.0 = Debug|ARM
		{7E2F733A-160A-435C-9E28-F981A01F3F49}.Debug|ARM.Deploy.0 = Debug|ARM
		{7E2F733A-160A-435C-9E28-F981A01F3F49}.Debug|ARM64.ActiveCfg = Debug|ARM64
		{7E2F733A-160A-435C-9E28-F981A01F3F49}.Debug|ARM64.Build.0 = Debug|ARM64
		{7E2F733A-160A-435C-9E28-F981A01F3F49}.Debug|ARM64.Deploy.0 = Debug|ARM64
		{7E2F733A-160A-435C-9E28-F981A01F3F49}.Debug|x64.ActiveCfg = Debug|x64
		{7E2F733A-160A-435C-9E28-F981A01F3F49}.Debug|x64.Build.0 = Debug|x64
		{7E2F733A-160A-435C-9E28-F981A01F3F49}.Debug|x64.Deploy.0 = Debug|x64
		{7E2F733A-160A-435C-9E28-F981A01F3F49}.Debug|x86.ActiveCfg = Debug|Win32
		{7E2F733A-160A-435C-9E28-F981A01F3F49}.Debug|x86.Build.0 = Debug|Win32
		{7E2F733A-160A-435C-9E28-F981A01F3F49}.Debug|x86.Deploy.0 = Debug|Win32
		{7E2F733A-160A-435C-9E28-F981A01F3F49}.Release|ARM.ActiveCfg = Release|ARM
		{7E2F733A-160A-435C-9E28-F981A01F3F49}.Release|ARM.Build.0 = Release|ARM
		{7E2F733A-160A-435C-9E28-F981A01F3F49}.Release|ARM.Deploy.0 = Release|ARM
		{7E2F733A-160A-435C-9E28-F981A01F3F49}.Release|ARM64.ActiveCfg = Release|ARM64
		{7E2F733A-160A-435C-9E28-F981A01F3F49}.Release|ARM64.Build.0 = Release|ARM64
		{7E2F733A-160A-435C-9E28-F981A01F3F49}.Release|ARM64.Deploy.0 = Release|ARM64
		{7E2F733A-160A-435C-9E28-F981A01F3F49}.Release|x64.ActiveCfg = Release|x64
		{7E2F733A-160A-435C-9E28-F981A01F3F49}.Release|x64.Build.0 = Release|x64
		{7E2F733A-160A-435C-9E28-F981A01F3F49}.Release|x64.Deploy.0 = Release|x64
		{7E2F733A-160A-435C-9E28-F981A01F3F49}.Release|x86.ActiveCfg = Release|Win32
		{7E2F733A-160A-435C-9E28-F981A01F3F49}.Release|x86.Build.0 = Release|Win32
		{7E2F733A-160A-435C-9E28-F981A01F3F49}.Release|x86.Deploy.0 = Release|Win32
		{C0A84302-E09A-4F3F-8846-B864DB6A4B47}.Debug|ARM.ActiveCfg = Debug|ARM
		{C0A84302-E09A-4F3F-8846-B864DB6A4B47}.Debug|ARM.Build.0 = Debug|ARM
		{C0A84302-E09A-4F3F-8846-B864DB6A4B47}.Debug|ARM.Deploy.0 = Debug|ARM
		{C0A84302-E09A-4F3F-8846-B864DB6A4B47}.Debug|ARM64.ActiveCfg = Debug|ARM64
		{C0A84302-E09A-4F3F-8846-B864DB6A4B47}.Debug|ARM64.Build.0 = Debug|ARM64
		{C0A84302-E09A-4F3F-8846-B864DB6A4B47}.Debug|ARM64.Deploy.0 = Debug|ARM64
		{C0A84302-E09A-4F3F-8846-B864DB6A4B47}.Debug|x64.ActiveCfg = Debug|x64
		{C0A84302-E09A-4F3F-8846-B864DB6A4B47}.Debug|x64.Build.0 = Debug|x64
		{C0A84302-E09A-4F3F-8846-B864DB6A4B47}.Debug|x64.Deploy.0 = Debug|x64
		{C0A84302-E09A-4F3F-8846-B864DB6A4B47}.Debug|x86.ActiveCfg = Debug|Win32
		{C0A84302-E09A-4F3F-8846-B864DB6A4B47}.Debug|x86.Build.0 = Debug|Win32
		{C0A84302-E09A-4F3F-8846-B864DB6A4B47}.Debug|x86.Deploy.0 = Debug|Win32
		{C0A84302-E09A-4F3F-8846-B864DB6A4B47}.Release|ARM.ActiveCfg = Release|ARM
		{C0A84302-E09A-4F3F-8846-B864DB6A4B47}.Release|ARM.Build.0 = Release|ARM
		{C0A84302-E09A-4F3F-8846-B864DB6A4B47}.Release|ARM.Deploy.0 = Release|ARM
		{C0A84302-E09A-4F3F-8846-B864DB6A4B47}.Release|ARM64.ActiveCfg = Release|ARM64
		{C0A84302-E09A-4F3F-8846-B864DB6A4B47}.Release|ARM64.Build.0 = Release|ARM64
		{C0A84302-E09A-4F3F-8846-B864DB6A4B47}.Release|ARM64.Deploy.0 = Release|ARM64
		{C0A84302-E09A-4F3F-8846-B864DB6A4B47}.Release|x64.ActiveCfg = Release|x64
		{C0A84302-E09A-4F3F-8846-B864DB6A4B47}.Release|x64.Build.0 = Release|x64
		{C0A84302-E09A-4F3F-8846-B864DB6A4B47}.Release|x64.Deploy.0 = Release|x64
		{C0A84302-E09A-4F3F-8846-B864DB6A4B47}.Release|x86.ActiveCfg = Release|Win32
		{C0A84302-E09A-4F3F-8846-B864DB6A4B47}.Release|x86.Build.0 = Release|Win32
		{C0A84302-E09A-4F3F-8846-B864DB6A4B47}.Release|x86.Deploy.0 = Release|Win32
		{8E368087-A394-470C-A558-0155C730F559}.Debug|ARM.ActiveCfg = Debug|x64
		{8E368087-A394-470C-A558-0155C730F559}.Debug|ARM.Build.0 = Debug|x64
		{8E368087-A394-470C-A558-0155C730F559}.Debug|ARM64.ActiveCfg = Debug|arm64
		{8E368087-A394-470C-A558-0155C730F559}.Debug|ARM64.Build.0 = Debug|arm64
		{8E368087-A394-470C-A558-0155C730F559}.Debug|x64.ActiveCfg = Debug|x64
		{8E368087-A394-470C-A558-0155C730F559}.Debug|x64.Build.0 = Debug|x64
		{8E368087-A394-470C-A558-0155C730F559}.Debug|x86.ActiveCfg = Debug|x86
		{8E368087-A394-470C-A558-0155C730F559}.Debug|x86.Build.0 = Debug|x86
		{8E368087-A394-470C-A558-0155C730F559}.Release|ARM.ActiveCfg = Release|x64
		{8E368087-A394-470C-A558-0155C730F559}.Release|ARM.Build.0 = Release|x64
		{8E368087-A394-470C-A558-0155C730F559}.Release|ARM64.ActiveCfg = Release|arm64
		{8E368087-A394-470C-A558-0155C730F559}.Release|ARM64.Build.0 = Release|arm64
		{8E368087-A394-470C-A558-0155C730F559}.Release|x64.ActiveCfg = Release|x64
		{8E368087-A394-470C-A558-0155C730F559}.Release|x64.Build.0 = Release|x64
		{8E368087-A394-470C-A558-0155C730F559}.Release|x86.ActiveCfg = Release|x86
		{8E368087-A394-470C-A558-0155C730F559}.Release|x86.Build.0 = Release|x86
	EndGlobalSection
	GlobalSection(SolutionProperties) = preSolution
		HideSolutionNode = FALSE
	EndGlobalSection
	GlobalSection(ExtensibilityGlobals) = postSolution
		SolutionGuid = {CCA9A3E3-F233-47FF-B78A-CB6A178D222F}
	EndGlobalSection
EndGlobal
